// !$*UTF8*$!
{
	archiveVersion = 1;
	classes = {
	};
	objectVersion = 46;
	objects = {

/* Begin PBXBuildFile section */
		5AA6DBFA1DE2AD2300FD44D9 /* AppDelegate.swift in Sources */ = {isa = PBXBuildFile; fileRef = 5AA6DBF91DE2AD2300FD44D9 /* AppDelegate.swift */; };
		5AA6DBFC1DE2AD2300FD44D9 /* ViewController.swift in Sources */ = {isa = PBXBuildFile; fileRef = 5AA6DBFB1DE2AD2300FD44D9 /* ViewController.swift */; };
		5AA6DBFF1DE2AD2300FD44D9 /* Main.storyboard in Resources */ = {isa = PBXBuildFile; fileRef = 5AA6DBFD1DE2AD2300FD44D9 /* Main.storyboard */; };
		5AA6DC011DE2AD2300FD44D9 /* Assets.xcassets in Resources */ = {isa = PBXBuildFile; fileRef = 5AA6DC001DE2AD2300FD44D9 /* Assets.xcassets */; };
		5AA6DC041DE2AD2300FD44D9 /* LaunchScreen.storyboard in Resources */ = {isa = PBXBuildFile; fileRef = 5AA6DC021DE2AD2300FD44D9 /* LaunchScreen.storyboard */; };
		5AA6DC0C1DE2AD3900FD44D9 /* GoogleService-Info.plist in Resources */ = {isa = PBXBuildFile; fileRef = 5AA6DC0B1DE2AD3900FD44D9 /* GoogleService-Info.plist */; };
		9AAA4E9576F9C0A33FCFFCB7 /* Pods_SignIn.framework in Frameworks */ = {isa = PBXBuildFile; fileRef = CDA705A28DE325EEAABDD6AF /* Pods_SignIn.framework */; };
/* End PBXBuildFile section */

/* Begin PBXFileReference section */
		1513487819CC78151ABEAB82 /* Pods-SignIn.release.xcconfig */ = {isa = PBXFileReference; includeInIndex = 1; lastKnownFileType = text.xcconfig; name = "Pods-SignIn.release.xcconfig"; path = "Pods/Target Support Files/Pods-SignIn/Pods-SignIn.release.xcconfig"; sourceTree = "<group>"; };
		5A519C0E1DE2AE5A00AA32F3 /* SignIn-Bridging-Header.h */ = {isa = PBXFileReference; lastKnownFileType = sourcecode.c.h; path = "SignIn-Bridging-Header.h"; sourceTree = "<group>"; };
		5A519C121DE2B80700AA32F3 /* SignIn.entitlements */ = {isa = PBXFileReference; lastKnownFileType = text.plist.entitlements; path = SignIn.entitlements; sourceTree = "<group>"; };
		5AA6DBF61DE2AD2200FD44D9 /* SignIn.app */ = {isa = PBXFileReference; explicitFileType = wrapper.application; includeInIndex = 0; path = SignIn.app; sourceTree = BUILT_PRODUCTS_DIR; };
		5AA6DBF91DE2AD2300FD44D9 /* AppDelegate.swift */ = {isa = PBXFileReference; lastKnownFileType = sourcecode.swift; path = AppDelegate.swift; sourceTree = "<group>"; };
		5AA6DBFB1DE2AD2300FD44D9 /* ViewController.swift */ = {isa = PBXFileReference; lastKnownFileType = sourcecode.swift; path = ViewController.swift; sourceTree = "<group>"; };
		5AA6DBFE1DE2AD2300FD44D9 /* Base */ = {isa = PBXFileReference; lastKnownFileType = file.storyboard; name = Base; path = Base.lproj/Main.storyboard; sourceTree = "<group>"; };
		5AA6DC001DE2AD2300FD44D9 /* Assets.xcassets */ = {isa = PBXFileReference; lastKnownFileType = folder.assetcatalog; path = Assets.xcassets; sourceTree = "<group>"; };
		5AA6DC031DE2AD2300FD44D9 /* Base */ = {isa = PBXFileReference; lastKnownFileType = file.storyboard; name = Base; path = Base.lproj/LaunchScreen.storyboard; sourceTree = "<group>"; };
		5AA6DC051DE2AD2300FD44D9 /* Info.plist */ = {isa = PBXFileReference; lastKnownFileType = text.plist.xml; path = Info.plist; sourceTree = "<group>"; };
		5AA6DC0B1DE2AD3900FD44D9 /* GoogleService-Info.plist */ = {isa = PBXFileReference; fileEncoding = 4; lastKnownFileType = text.plist.xml; name = "GoogleService-Info.plist"; path = "../../../../Downloads/GoogleService-Info.plist"; sourceTree = "<group>"; };
		A990C33397624B4710F2D448 /* Pods-SignIn.debug.xcconfig */ = {isa = PBXFileReference; includeInIndex = 1; lastKnownFileType = text.xcconfig; name = "Pods-SignIn.debug.xcconfig"; path = "Pods/Target Support Files/Pods-SignIn/Pods-SignIn.debug.xcconfig"; sourceTree = "<group>"; };
		CDA705A28DE325EEAABDD6AF /* Pods_SignIn.framework */ = {isa = PBXFileReference; explicitFileType = wrapper.framework; includeInIndex = 0; path = Pods_SignIn.framework; sourceTree = BUILT_PRODUCTS_DIR; };
/* End PBXFileReference section */

/* Begin PBXFrameworksBuildPhase section */
		5AA6DBF31DE2AD2200FD44D9 /* Frameworks */ = {
			isa = PBXFrameworksBuildPhase;
			buildActionMask = 2147483647;
			files = (
				9AAA4E9576F9C0A33FCFFCB7 /* Pods_SignIn.framework in Frameworks */,
			);
			runOnlyForDeploymentPostprocessing = 0;
		};
/* End PBXFrameworksBuildPhase section */

/* Begin PBXGroup section */
		556003F07EF475FF8530C235 /* Pods */ = {
			isa = PBXGroup;
			children = (
				A990C33397624B4710F2D448 /* Pods-SignIn.debug.xcconfig */,
				1513487819CC78151ABEAB82 /* Pods-SignIn.release.xcconfig */,
			);
			name = Pods;
			sourceTree = "<group>";
		};
		5AA6DBED1DE2AD2200FD44D9 = {
			isa = PBXGroup;
			children = (
				5AA6DBF81DE2AD2200FD44D9 /* SignIn */,
				5AA6DBF71DE2AD2200FD44D9 /* Products */,
				556003F07EF475FF8530C235 /* Pods */,
				7B5F0659A3059C03F79AC0DF /* Frameworks */,
			);
			sourceTree = "<group>";
		};
		5AA6DBF71DE2AD2200FD44D9 /* Products */ = {
			isa = PBXGroup;
			children = (
				5AA6DBF61DE2AD2200FD44D9 /* SignIn.app */,
			);
			name = Products;
			sourceTree = "<group>";
		};
		5AA6DBF81DE2AD2200FD44D9 /* SignIn */ = {
			isa = PBXGroup;
			children = (
				5A519C121DE2B80700AA32F3 /* SignIn.entitlements */,
				5AA6DBF91DE2AD2300FD44D9 /* AppDelegate.swift */,
				5AA6DBFB1DE2AD2300FD44D9 /* ViewController.swift */,
				5AA6DBFD1DE2AD2300FD44D9 /* Main.storyboard */,
				5AA6DC001DE2AD2300FD44D9 /* Assets.xcassets */,
				5AA6DC021DE2AD2300FD44D9 /* LaunchScreen.storyboard */,
				5AA6DC051DE2AD2300FD44D9 /* Info.plist */,
				5AA6DC0B1DE2AD3900FD44D9 /* GoogleService-Info.plist */,
				5A519C0E1DE2AE5A00AA32F3 /* SignIn-Bridging-Header.h */,
			);
			path = SignIn;
			sourceTree = "<group>";
		};
		7B5F0659A3059C03F79AC0DF /* Frameworks */ = {
			isa = PBXGroup;
			children = (
				CDA705A28DE325EEAABDD6AF /* Pods_SignIn.framework */,
			);
			name = Frameworks;
			sourceTree = "<group>";
		};
/* End PBXGroup section */

/* Begin PBXNativeTarget section */
		5AA6DBF51DE2AD2200FD44D9 /* SignIn */ = {
			isa = PBXNativeTarget;
			buildConfigurationList = 5AA6DC081DE2AD2300FD44D9 /* Build configuration list for PBXNativeTarget "SignIn" */;
			buildPhases = (
				3337A71B1A6D4C370DA99423 /* [CP] Check Pods Manifest.lock */,
				5AA6DBF21DE2AD2200FD44D9 /* Sources */,
				5AA6DBF31DE2AD2200FD44D9 /* Frameworks */,
				5AA6DBF41DE2AD2200FD44D9 /* Resources */,
				6580B73727C737D810F2276B /* [CP] Embed Pods Frameworks */,
				CF470B933A845F4AF48BEEA0 /* [CP] Copy Pods Resources */,
			);
			buildRules = (
			);
			dependencies = (
			);
			name = SignIn;
			productName = SignIn;
			productReference = 5AA6DBF61DE2AD2200FD44D9 /* SignIn.app */;
			productType = "com.apple.product-type.application";
		};
/* End PBXNativeTarget section */

/* Begin PBXProject section */
		5AA6DBEE1DE2AD2200FD44D9 /* Project object */ = {
			isa = PBXProject;
			attributes = {
				LastSwiftUpdateCheck = 0810;
				LastUpgradeCheck = 0810;
				ORGANIZATIONNAME = "Xuehua Chen";
				TargetAttributes = {
					5AA6DBF51DE2AD2200FD44D9 = {
						CreatedOnToolsVersion = 8.1;
						DevelopmentTeam = RE94S394HD;
						LastSwiftMigration = 0810;
						ProvisioningStyle = Automatic;
						SystemCapabilities = {
							com.apple.Keychain = {
								enabled = 1;
							};
						};
					};
				};
			};
			buildConfigurationList = 5AA6DBF11DE2AD2200FD44D9 /* Build configuration list for PBXProject "SignIn" */;
			compatibilityVersion = "Xcode 3.2";
			developmentRegion = English;
			hasScannedForEncodings = 0;
			knownRegions = (
				en,
				Base,
			);
			mainGroup = 5AA6DBED1DE2AD2200FD44D9;
			productRefGroup = 5AA6DBF71DE2AD2200FD44D9 /* Products */;
			projectDirPath = "";
			projectRoot = "";
			targets = (
				5AA6DBF51DE2AD2200FD44D9 /* SignIn */,
			);
		};
/* End PBXProject section */

/* Begin PBXResourcesBuildPhase section */
		5AA6DBF41DE2AD2200FD44D9 /* Resources */ = {
			isa = PBXResourcesBuildPhase;
			buildActionMask = 2147483647;
			files = (
				5AA6DC041DE2AD2300FD44D9 /* LaunchScreen.storyboard in Resources */,
				5AA6DC0C1DE2AD3900FD44D9 /* GoogleService-Info.plist in Resources */,
				5AA6DC011DE2AD2300FD44D9 /* Assets.xcassets in Resources */,
				5AA6DBFF1DE2AD2300FD44D9 /* Main.storyboard in Resources */,
			);
			runOnlyForDeploymentPostprocessing = 0;
		};
/* End PBXResourcesBuildPhase section */

/* Begin PBXShellScriptBuildPhase section */
		3337A71B1A6D4C370DA99423 /* [CP] Check Pods Manifest.lock */ = {
			isa = PBXShellScriptBuildPhase;
			buildActionMask = 2147483647;
			files = (
			);
			inputPaths = (
			);
			name = "[CP] Check Pods Manifest.lock";
			outputPaths = (
			);
			runOnlyForDeploymentPostprocessing = 0;
			shellPath = /bin/sh;
			shellScript = "diff \"${PODS_ROOT}/../Podfile.lock\" \"${PODS_ROOT}/Manifest.lock\" > /dev/null\nif [ $? != 0 ] ; then\n    # print error to STDERR\n    echo \"error: The sandbox is not in sync with the Podfile.lock. Run 'pod install' or update your CocoaPods installation.\" >&2\n    exit 1\nfi\n";
			showEnvVarsInLog = 0;
		};
		6580B73727C737D810F2276B /* [CP] Embed Pods Frameworks */ = {
			isa = PBXShellScriptBuildPhase;
			buildActionMask = 2147483647;
			files = (
			);
			inputPaths = (
			);
			name = "[CP] Embed Pods Frameworks";
			outputPaths = (
			);
			runOnlyForDeploymentPostprocessing = 0;
			shellPath = /bin/sh;
			shellScript = "\"${SRCROOT}/Pods/Target Support Files/Pods-SignIn/Pods-SignIn-frameworks.sh\"\n";
			showEnvVarsInLog = 0;
		};
		CF470B933A845F4AF48BEEA0 /* [CP] Copy Pods Resources */ = {
			isa = PBXShellScriptBuildPhase;
			buildActionMask = 2147483647;
			files = (
			);
			inputPaths = (
			);
			name = "[CP] Copy Pods Resources";
			outputPaths = (
			);
			runOnlyForDeploymentPostprocessing = 0;
			shellPath = /bin/sh;
			shellScript = "\"${SRCROOT}/Pods/Target Support Files/Pods-SignIn/Pods-SignIn-resources.sh\"\n";
			showEnvVarsInLog = 0;
		};
/* End PBXShellScriptBuildPhase section */

/* Begin PBXSourcesBuildPhase section */
		5AA6DBF21DE2AD2200FD44D9 /* Sources */ = {
			isa = PBXSourcesBuildPhase;
			buildActionMask = 2147483647;
			files = (
				5AA6DBFC1DE2AD2300FD44D9 /* ViewController.swift in Sources */,
				5AA6DBFA1DE2AD2300FD44D9 /* AppDelegate.swift in Sources */,
			);
			runOnlyForDeploymentPostprocessing = 0;
		};
/* End PBXSourcesBuildPhase section */

/* Begin PBXVariantGroup section */
		5AA6DBFD1DE2AD2300FD44D9 /* Main.storyboard */ = {
			isa = PBXVariantGroup;
			children = (
				5AA6DBFE1DE2AD2300FD44D9 /* Base */,
			);
			name = Main.storyboard;
			sourceTree = "<group>";
		};
		5AA6DC021DE2AD2300FD44D9 /* LaunchScreen.storyboard */ = {
			isa = PBXVariantGroup;
			children = (
				5AA6DC031DE2AD2300FD44D9 /* Base */,
			);
			name = LaunchScreen.storyboard;
			sourceTree = "<group>";
		};
/* End PBXVariantGroup section */

/* Begin XCBuildConfiguration section */
		5AA6DC061DE2AD2300FD44D9 /* Debug */ = {
			isa = XCBuildConfiguration;
			buildSettings = {
				ALWAYS_SEARCH_USER_PATHS = NO;
				CLANG_ANALYZER_NONNULL = YES;
				CLANG_CXX_LANGUAGE_STANDARD = "gnu++0x";
				CLANG_CXX_LIBRARY = "libc++";
				CLANG_ENABLE_MODULES = YES;
				CLANG_ENABLE_OBJC_ARC = YES;
				CLANG_WARN_BOOL_CONVERSION = YES;
				CLANG_WARN_CONSTANT_CONVERSION = YES;
				CLANG_WARN_DIRECT_OBJC_ISA_USAGE = YES_ERROR;
				CLANG_WARN_DOCUMENTATION_COMMENTS = YES;
				CLANG_WARN_EMPTY_BODY = YES;
				CLANG_WARN_ENUM_CONVERSION = YES;
				CLANG_WARN_INFINITE_RECURSION = YES;
				CLANG_WARN_INT_CONVERSION = YES;
				CLANG_WARN_OBJC_ROOT_CLASS = YES_ERROR;
				CLANG_WARN_SUSPICIOUS_MOVES = YES;
				CLANG_WARN_UNREACHABLE_CODE = YES;
				CLANG_WARN__DUPLICATE_METHOD_MATCH = YES;
				"CODE_SIGN_IDENTITY[sdk=iphoneos*]" = "iPhone Developer";
				COPY_PHASE_STRIP = NO;
				DEBUG_INFORMATION_FORMAT = dwarf;
				ENABLE_STRICT_OBJC_MSGSEND = YES;
				ENABLE_TESTABILITY = YES;
				GCC_C_LANGUAGE_STANDARD = gnu99;
				GCC_DYNAMIC_NO_PIC = NO;
				GCC_NO_COMMON_BLOCKS = YES;
				GCC_OPTIMIZATION_LEVEL = 0;
				GCC_PREPROCESSOR_DEFINITIONS = (
					"DEBUG=1",
					"$(inherited)",
				);
				GCC_WARN_64_TO_32_BIT_CONVERSION = YES;
				GCC_WARN_ABOUT_RETURN_TYPE = YES_ERROR;
				GCC_WARN_UNDECLARED_SELECTOR = YES;
				GCC_WARN_UNINITIALIZED_AUTOS = YES_AGGRESSIVE;
				GCC_WARN_UNUSED_FUNCTION = YES;
				GCC_WARN_UNUSED_VARIABLE = YES;
				IPHONEOS_DEPLOYMENT_TARGET = 10.1;
				MTL_ENABLE_DEBUG_INFO = YES;
				ONLY_ACTIVE_ARCH = YES;
				SDKROOT = iphoneos;
				SWIFT_ACTIVE_COMPILATION_CONDITIONS = DEBUG;
				SWIFT_OPTIMIZATION_LEVEL = "-Onone";
			};
			name = Debug;
		};
		5AA6DC071DE2AD2300FD44D9 /* Release */ = {
			isa = XCBuildConfiguration;
			buildSettings = {
				ALWAYS_SEARCH_USER_PATHS = NO;
				CLANG_ANALYZER_NONNULL = YES;
				CLANG_CXX_LANGUAGE_STANDARD = "gnu++0x";
				CLANG_CXX_LIBRARY = "libc++";
				CLANG_ENABLE_MODULES = YES;
				CLANG_ENABLE_OBJC_ARC = YES;
				CLANG_WARN_BOOL_CONVERSION = YES;
				CLANG_WARN_CONSTANT_CONVERSION = YES;
				CLANG_WARN_DIRECT_OBJC_ISA_USAGE = YES_ERROR;
				CLANG_WARN_DOCUMENTATION_COMMENTS = YES;
				CLANG_WARN_EMPTY_BODY = YES;
				CLANG_WARN_ENUM_CONVERSION = YES;
				CLANG_WARN_INFINITE_RECURSION = YES;
				CLANG_WARN_INT_CONVERSION = YES;
				CLANG_WARN_OBJC_ROOT_CLASS = YES_ERROR;
				CLANG_WARN_SUSPICIOUS_MOVES = YES;
				CLANG_WARN_UNREACHABLE_CODE = YES;
				CLANG_WARN__DUPLICATE_METHOD_MATCH = YES;
				"CODE_SIGN_IDENTITY[sdk=iphoneos*]" = "iPhone Developer";
				COPY_PHASE_STRIP = NO;
				DEBUG_INFORMATION_FORMAT = "dwarf-with-dsym";
				ENABLE_NS_ASSERTIONS = NO;
				ENABLE_STRICT_OBJC_MSGSEND = YES;
				GCC_C_LANGUAGE_STANDARD = gnu99;
				GCC_NO_COMMON_BLOCKS = YES;
				GCC_WARN_64_TO_32_BIT_CONVERSION = YES;
				GCC_WARN_ABOUT_RETURN_TYPE = YES_ERROR;
				GCC_WARN_UNDECLARED_SELECTOR = YES;
				GCC_WARN_UNINITIALIZED_AUTOS = YES_AGGRESSIVE;
				GCC_WARN_UNUSED_FUNCTION = YES;
				GCC_WARN_UNUSED_VARIABLE = YES;
				IPHONEOS_DEPLOYMENT_TARGET = 10.1;
				MTL_ENABLE_DEBUG_INFO = NO;
				SDKROOT = iphoneos;
				SWIFT_OPTIMIZATION_LEVEL = "-Owholemodule";
				VALIDATE_PRODUCT = YES;
			};
			name = Release;
		};
		5AA6DC091DE2AD2300FD44D9 /* Debug */ = {
			isa = XCBuildConfiguration;
			baseConfigurationReference = A990C33397624B4710F2D448 /* Pods-SignIn.debug.xcconfig */;
			buildSettings = {
				ASSETCATALOG_COMPILER_APPICON_NAME = AppIcon;
				CLANG_ENABLE_MODULES = YES;
				CODE_SIGN_ENTITLEMENTS = SignIn/SignIn.entitlements;
				DEVELOPMENT_TEAM = RE94S394HD;
				INFOPLIST_FILE = SignIn/Info.plist;
				LD_RUNPATH_SEARCH_PATHS = "$(inherited) @executable_path/Frameworks";
				PRODUCT_BUNDLE_IDENTIFIER = com.purplesnail.SignIn;
				PRODUCT_NAME = "$(TARGET_NAME)";
				SWIFT_OBJC_BRIDGING_HEADER = "SignIn/SignIn-Bridging-Header.h";
				SWIFT_OPTIMIZATION_LEVEL = "-Onone";
				SWIFT_VERSION = 3.0;
			};
			name = Debug;
		};
		5AA6DC0A1DE2AD2300FD44D9 /* Release */ = {
			isa = XCBuildConfiguration;
			baseConfigurationReference = 1513487819CC78151ABEAB82 /* Pods-SignIn.release.xcconfig */;
			buildSettings = {
				ASSETCATALOG_COMPILER_APPICON_NAME = AppIcon;
				CLANG_ENABLE_MODULES = YES;
				CODE_SIGN_ENTITLEMENTS = SignIn/SignIn.entitlements;
				DEVELOPMENT_TEAM = RE94S394HD;
				INFOPLIST_FILE = SignIn/Info.plist;
				LD_RUNPATH_SEARCH_PATHS = "$(inherited) @executable_path/Frameworks";
				PRODUCT_BUNDLE_IDENTIFIER = com.purplesnail.SignIn;
				PRODUCT_NAME = "$(TARGET_NAME)";
				SWIFT_OBJC_BRIDGING_HEADER = "SignIn/SignIn-Bridging-Header.h";
				SWIFT_VERSION = 3.0;
			};
			name = Release;
		};
/* End XCBuildConfiguration section */

/* Begin XCConfigurationList section */
		5AA6DBF11DE2AD2200FD44D9 /* Build configuration list for PBXProject "SignIn" */ = {
			isa = XCConfigurationList;
			buildConfigurations = (
				5AA6DC061DE2AD2300FD44D9 /* Debug */,
				5AA6DC071DE2AD2300FD44D9 /* Release */,
			);
			defaultConfigurationIsVisible = 0;
			defaultConfigurationName = Release;
		};
		5AA6DC081DE2AD2300FD44D9 /* Build configuration list for PBXNativeTarget "SignIn" */ = {
			isa = XCConfigurationList;
			buildConfigurations = (
				5AA6DC091DE2AD2300FD44D9 /* Debug */,
				5AA6DC0A1DE2AD2300FD44D9 /* Release */,
			);
			defaultConfigurationIsVisible = 0;
			defaultConfigurationName = Release;
		};
/* End XCConfigurationList section */
	};
	rootObject = 5AA6DBEE1DE2AD2200FD44D9 /* Project object */;
}
